
Microsoft Visual Studio Solution File, Format Version 12.00
# Visual Studio Version 17
VisualStudioVersion = 17.6.33829.357
MinimumVisualStudioVersion = 10.0.40219.1
Project("{FAE04EC0-301F-11D3-BF4B-00C04F79EFBC}") = "DP_6_Task_1", "DP_6_Task_1\DP_6_Task_1.csproj", "{0C9FEC3B-4724-41CE-87DA-DC4C8C006D3A}"
EndProject
Global
	GlobalSection(SolutionConfigurationPlatforms) = preSolution
		Debug|Any CPU = Debug|Any CPU
		Release|Any CPU = Release|Any CPU
	EndGlobalSection
	GlobalSection(ProjectConfigurationPlatforms) = postSolution
		{0C9FEC3B-4724-41CE-87DA-DC4C8C006D3A}.Debug|Any CPU.ActiveCfg = Debug|Any CPU
		{0C9FEC3B-4724-41CE-87DA-DC4C8C006D3A}.Debug|Any CPU.Build.0 = Debug|Any CPU
		{0C9FEC3B-4724-41CE-87DA-DC4C8C006D3A}.Release|Any CPU.ActiveCfg = Release|Any CPU
		{0C9FEC3B-4724-41CE-87DA-DC4C8C006D3A}.Release|Any CPU.Build.0 = Release|Any CPU
	EndGlobalSection
	GlobalSection(SolutionProperties) = preSolution
		HideSolutionNode = FALSE
	EndGlobalSection
	GlobalSection(ExtensibilityGlobals) = postSolution
		SolutionGuid = {90693216-E4E1-4448-A948-94F4ECFD5147}
	EndGlobalSection
EndGlobal
